
Microsoft Visual Studio Solution File, Format Version 12.00
# Visual Studio Version 16
VisualStudioVersion = 16.0.30804.86
MinimumVisualStudioVersion = 10.0.40219.1
Project("{FAE04EC0-301F-11D3-BF4B-00C04F79EFBC}") = "MovieApi", "MovieApi\MovieApi.csproj", "{2373C660-35FF-4C1A-9D62-389437239D12}"
EndProject
Global
	GlobalSection(SolutionConfigurationPlatforms) = preSolution
		Debug|Any CPU = Debug|Any CPU
		Release|Any CPU = Release|Any CPU
	EndGlobalSection
	GlobalSection(ProjectConfigurationPlatforms) = postSolution
		{2373C660-35FF-4C1A-9D62-389437239D12}.Debug|Any CPU.ActiveCfg = Debug|Any CPU
		{2373C660-35FF-4C1A-9D62-389437239D12}.Debug|Any CPU.Build.0 = Debug|Any CPU
		{2373C660-35FF-4C1A-9D62-389437239D12}.Release|Any CPU.ActiveCfg = Release|Any CPU
		{2373C660-35FF-4C1A-9D62-389437239D12}.Release|Any CPU.Build.0 = Release|Any CPU
	EndGlobalSection
	GlobalSection(SolutionProperties) = preSolution
		HideSolutionNode = FALSE
	EndGlobalSection
	GlobalSection(ExtensibilityGlobals) = postSolution
		SolutionGuid = {3D7FD0A9-1041-40DE-9063-3EBCB9A0DBF4}
	EndGlobalSection
EndGlobal
